Microsoft Visual Studio Solution File, Format Version 12.00
# Visual Studio Version 17
VisualStudioVersion = 17.5.2.0
MinimumVisualStudioVersion = 10.0.40219.1
Project("{FAE04EC0-301F-11D3-BF4B-00C04F79EFBC}") = "csharp_stdlib", "csharp_stdlib.csproj", "{0D74AA0F-A747-CD95-D7F5-B42FFB01C768}"
EndProject
Global
	GlobalSection(SolutionConfigurationPlatforms) = preSolution
		Debug|Any CPU = Debug|Any CPU
		Release|Any CPU = Release|Any CPU
	EndGlobalSection
	GlobalSection(ProjectConfigurationPlatforms) = postSolution
		{0D74AA0F-A747-CD95-D7F5-B42FFB01C768}.Debug|Any CPU.ActiveCfg = Debug|Any CPU
		{0D74AA0F-A747-CD95-D7F5-B42FFB01C768}.Debug|Any CPU.Build.0 = Debug|Any CPU
		{0D74AA0F-A747-CD95-D7F5-B42FFB01C768}.Release|Any CPU.ActiveCfg = Release|Any CPU
		{0D74AA0F-A747-CD95-D7F5-B42FFB01C768}.Release|Any CPU.Build.0 = Release|Any CPU
	EndGlobalSection
	GlobalSection(SolutionProperties) = preSolution
		HideSolutionNode = FALSE
	EndGlobalSection
	GlobalSection(ExtensibilityGlobals) = postSolution
		SolutionGuid = {DB63AEDE-1F94-4A68-92FB-1A5AE78A2593}
	EndGlobalSection
EndGlobal
